
Microsoft Visual Studio Solution File, Format Version 12.00
# Visual Studio Version 17
VisualStudioVersion = 17.9.34723.18
MinimumVisualStudioVersion = 10.0.40219.1
Project("{FAE04EC0-301F-11D3-BF4B-00C04F79EFBC}") = "EffectsViewCornerRadius", "EffectsViewCornerRadius.csproj", "{04D7C8A6-9F71-4EF3-BFF7-A08085231BAB}"
EndProject
Global
	GlobalSection(SolutionConfigurationPlatforms) = preSolution
		Debug|Any CPU = Debug|Any CPU
		Release|Any CPU = Release|Any CPU
	EndGlobalSection
	GlobalSection(ProjectConfigurationPlatforms) = postSolution
		{04D7C8A6-9F71-4EF3-BFF7-A08085231BAB}.Debug|Any CPU.ActiveCfg = Debug|Any CPU
		{04D7C8A6-9F71-4EF3-BFF7-A08085231BAB}.Debug|Any CPU.Build.0 = Debug|Any CPU
		{04D7C8A6-9F71-4EF3-BFF7-A08085231BAB}.Debug|Any CPU.Deploy.0 = Debug|Any CPU
		{04D7C8A6-9F71-4EF3-BFF7-A08085231BAB}.Release|Any CPU.ActiveCfg = Release|Any CPU
		{04D7C8A6-9F71-4EF3-BFF7-A08085231BAB}.Release|Any CPU.Build.0 = Release|Any CPU
		{04D7C8A6-9F71-4EF3-BFF7-A08085231BAB}.Release|Any CPU.Deploy.0 = Release|Any CPU
	EndGlobalSection
	GlobalSection(SolutionProperties) = preSolution
		HideSolutionNode = FALSE
	EndGlobalSection
	GlobalSection(ExtensibilityGlobals) = postSolution
		SolutionGuid = {64B2BF57-B787-4713-B6E2-304C16B945E6}
	EndGlobalSection
EndGlobal
